// !$*UTF8*$!
{
	archiveVersion = 1;
	classes = {
	};
	objectVersion = 46;
	objects = {

/* Begin PBXBuildFile section */
		DED8D1F6137A341B0099C98B /* RougeArray.m in Sources */ = {isa = PBXBuildFile; fileRef = DED8D1ED137A341B0099C98B /* RougeArray.m */; };
		DED8D1F7137A341B0099C98B /* RougeCommunicator.m in Sources */ = {isa = PBXBuildFile; fileRef = DED8D1EF137A341B0099C98B /* RougeCommunicator.m */; };
		DED8D1F8137A341B0099C98B /* RougeDriver.m in Sources */ = {isa = PBXBuildFile; fileRef = DED8D1F1137A341B0099C98B /* RougeDriver.m */; };
		DED8D1F9137A341B0099C98B /* RougeObject.m in Sources */ = {isa = PBXBuildFile; fileRef = DED8D1F3137A341B0099C98B /* RougeObject.m */; };
		DED8D1FA137A341B0099C98B /* RougeDataWrapper.m in Sources */ = {isa = PBXBuildFile; fileRef = DED8D1F5137A341B0099C98B /* RougeDataWrapper.m */; };
		DED8D20E137A34A90099C98B /* CDataScanner.m in Sources */ = {isa = PBXBuildFile; fileRef = DED8D1FD137A34A90099C98B /* CDataScanner.m */; };
		DED8D20F137A34A90099C98B /* CDataScanner_Extensions.m in Sources */ = {isa = PBXBuildFile; fileRef = DED8D200137A34A90099C98B /* CDataScanner_Extensions.m */; };
		DED8D210137A34A90099C98B /* NSCharacterSet_Extensions.m in Sources */ = {isa = PBXBuildFile; fileRef = DED8D202137A34A90099C98B /* NSCharacterSet_Extensions.m */; };
		DED8D211137A34A90099C98B /* NSDictionary_JSONExtensions.m in Sources */ = {isa = PBXBuildFile; fileRef = DED8D204137A34A90099C98B /* NSDictionary_JSONExtensions.m */; };
		DED8D212137A34A90099C98B /* NSScanner_Extensions.m in Sources */ = {isa = PBXBuildFile; fileRef = DED8D206137A34A90099C98B /* NSScanner_Extensions.m */; };
		DED8D213137A34A90099C98B /* CJSONDeserializer.m in Sources */ = {isa = PBXBuildFile; fileRef = DED8D209137A34A90099C98B /* CJSONDeserializer.m */; };
		DED8D214137A34A90099C98B /* CJSONScanner.m in Sources */ = {isa = PBXBuildFile; fileRef = DED8D20B137A34A90099C98B /* CJSONScanner.m */; };
		DED8D215137A34A90099C98B /* CJSONSerializer.m in Sources */ = {isa = PBXBuildFile; fileRef = DED8D20D137A34A90099C98B /* CJSONSerializer.m */; };
		DED8D218137A34EB0099C98B /* BEncoding.m in Sources */ = {isa = PBXBuildFile; fileRef = DED8D217137A34EB0099C98B /* BEncoding.m */; };
		DEE67FD1137A336500AE8276 /* Cocoa.framework in Frameworks */ = {isa = PBXBuildFile; fileRef = DEE67FD0137A336500AE8276 /* Cocoa.framework */; };
		DEE67FDB137A336500AE8276 /* InfoPlist.strings in Resources */ = {isa = PBXBuildFile; fileRef = DEE67FD9137A336500AE8276 /* InfoPlist.strings */; };
		DEE67FDE137A336500AE8276 /* main.m in Sources */ = {isa = PBXBuildFile; fileRef = DEE67FDD137A336500AE8276 /* main.m */; };
		DEE67FE1137A336500AE8276 /* Credits.rtf in Resources */ = {isa = PBXBuildFile; fileRef = DEE67FDF137A336500AE8276 /* Credits.rtf */; };
		DEE67FE4137A336500AE8276 /* RougeDriverAppDelegate.m in Sources */ = {isa = PBXBuildFile; fileRef = DEE67FE3137A336500AE8276 /* RougeDriverAppDelegate.m */; };
		DEE67FE7137A336500AE8276 /* MainMenu.xib in Resources */ = {isa = PBXBuildFile; fileRef = DEE67FE5137A336500AE8276 /* MainMenu.xib */; };
/* End PBXBuildFile section */

/* Begin PBXFileReference section */
		DED8D1EC137A341B0099C98B /* RougeArray.h */ = {isa = PBXFileReference; fileEncoding = 4; path = RougeArray.h; sourceTree = "<group>"; };
		DED8D1ED137A341B0099C98B /* RougeArray.m */ = {isa = PBXFileReference; fileEncoding = 4; lastKnownFileType = sourcecode.c.objc; path = RougeArray.m; sourceTree = "<group>"; };
		DED8D1EE137A341B0099C98B /* RougeCommunicator.h */ = {isa = PBXFileReference; fileEncoding = 4; path = RougeCommunicator.h; sourceTree = "<group>"; };
		DED8D1EF137A341B0099C98B /* RougeCommunicator.m */ = {isa = PBXFileReference; fileEncoding = 4; lastKnownFileType = sourcecode.c.objc; path = RougeCommunicator.m; sourceTree = "<group>"; };
		DED8D1F0137A341B0099C98B /* RougeDriver.h */ = {isa = PBXFileReference; fileEncoding = 4; path = RougeDriver.h; sourceTree = "<group>"; };
		DED8D1F1137A341B0099C98B /* RougeDriver.m */ = {isa = PBXFileReference; fileEncoding = 4; lastKnownFileType = sourcecode.c.objc; path = RougeDriver.m; sourceTree = "<group>"; };
		DED8D1F2137A341B0099C98B /* RougeObject.h */ = {isa = PBXFileReference; fileEncoding = 4; path = RougeObject.h; sourceTree = "<group>"; };
		DED8D1F3137A341B0099C98B /* RougeObject.m */ = {isa = PBXFileReference; fileEncoding = 4; lastKnownFileType = sourcecode.c.objc; path = RougeObject.m; sourceTree = "<group>"; };
		DED8D1F4137A341B0099C98B /* RougeDataWrapper.h */ = {isa = PBXFileReference; fileEncoding = 4; path = RougeDataWrapper.h; sourceTree = "<group>"; };
		DED8D1F5137A341B0099C98B /* RougeDataWrapper.m */ = {isa = PBXFileReference; fileEncoding = 4; lastKnownFileType = sourcecode.c.objc; path = RougeDataWrapper.m; sourceTree = "<group>"; };
		DED8D1FC137A34A90099C98B /* CDataScanner.h */ = {isa = PBXFileReference; fileEncoding = 4; lastKnownFileType = sourcecode.c.h; path = CDataScanner.h; sourceTree = "<group>"; };
		DED8D1FD137A34A90099C98B /* CDataScanner.m */ = {isa = PBXFileReference; fileEncoding = 4; lastKnownFileType = sourcecode.c.objc; path = CDataScanner.m; sourceTree = "<group>"; };
		DED8D1FF137A34A90099C98B /* CDataScanner_Extensions.h */ = {isa = PBXFileReference; fileEncoding = 4; lastKnownFileType = sourcecode.c.h; path = CDataScanner_Extensions.h; sourceTree = "<group>"; };
		DED8D200137A34A90099C98B /* CDataScanner_Extensions.m */ = {isa = PBXFileReference; fileEncoding = 4; lastKnownFileType = sourcecode.c.objc; path = CDataScanner_Extensions.m; sourceTree = "<group>"; };
		DED8D201137A34A90099C98B /* NSCharacterSet_Extensions.h */ = {isa = PBXFileReference; fileEncoding = 4; lastKnownFileType = sourcecode.c.h; path = NSCharacterSet_Extensions.h; sourceTree = "<group>"; };
		DED8D202137A34A90099C98B /* NSCharacterSet_Extensions.m */ = {isa = PBXFileReference; fileEncoding = 4; lastKnownFileType = sourcecode.c.objc; path = NSCharacterSet_Extensions.m; sourceTree = "<group>"; };
		DED8D203137A34A90099C98B /* NSDictionary_JSONExtensions.h */ = {isa = PBXFileReference; fileEncoding = 4; lastKnownFileType = sourcecode.c.h; path = NSDictionary_JSONExtensions.h; sourceTree = "<group>"; };
		DED8D204137A34A90099C98B /* NSDictionary_JSONExtensions.m */ = {isa = PBXFileReference; fileEncoding = 4; lastKnownFileType = sourcecode.c.objc; path = NSDictionary_JSONExtensions.m; sourceTree = "<group>"; };
		DED8D205137A34A90099C98B /* NSScanner_Extensions.h */ = {isa = PBXFileReference; fileEncoding = 4; lastKnownFileType = sourcecode.c.h; path = NSScanner_Extensions.h; sourceTree = "<group>"; };
		DED8D206137A34A90099C98B /* NSScanner_Extensions.m */ = {isa = PBXFileReference; fileEncoding = 4; lastKnownFileType = sourcecode.c.objc; path = NSScanner_Extensions.m; sourceTree = "<group>"; };
		DED8D208137A34A90099C98B /* CJSONDeserializer.h */ = {isa = PBXFileReference; fileEncoding = 4; lastKnownFileType = sourcecode.c.h; path = CJSONDeserializer.h; sourceTree = "<group>"; };
		DED8D209137A34A90099C98B /* CJSONDeserializer.m */ = {isa = PBXFileReference; fileEncoding = 4; lastKnownFileType = sourcecode.c.objc; path = CJSONDeserializer.m; sourceTree = "<group>"; };
		DED8D20A137A34A90099C98B /* CJSONScanner.h */ = {isa = PBXFileReference; fileEncoding = 4; lastKnownFileType = sourcecode.c.h; path = CJSONScanner.h; sourceTree = "<group>"; };
		DED8D20B137A34A90099C98B /* CJSONScanner.m */ = {isa = PBXFileReference; fileEncoding = 4; lastKnownFileType = sourcecode.c.objc; path = CJSONScanner.m; sourceTree = "<group>"; };
		DED8D20C137A34A90099C98B /* CJSONSerializer.h */ = {isa = PBXFileReference; fileEncoding = 4; lastKnownFileType = sourcecode.c.h; path = CJSONSerializer.h; sourceTree = "<group>"; };
		DED8D20D137A34A90099C98B /* CJSONSerializer.m */ = {isa = PBXFileReference; fileEncoding = 4; lastKnownFileType = sourcecode.c.objc; path = CJSONSerializer.m; sourceTree = "<group>"; };
		DED8D216137A34EB0099C98B /* BEncoding.h */ = {isa = PBXFileReference; fileEncoding = 4; lastKnownFileType = sourcecode.c.h; path = BEncoding.h; sourceTree = "<group>"; };
		DED8D217137A34EB0099C98B /* BEncoding.m */ = {isa = PBXFileReference; fileEncoding = 4; lastKnownFileType = sourcecode.c.objc; path = BEncoding.m; sourceTree = "<group>"; };
		DEE67FCC137A336500AE8276 /* RougeDriver.app */ = {isa = PBXFileReference; explicitFileType = wrapper.application; includeInIndex = 0; path = RougeDriver.app; sourceTree = BUILT_PRODUCTS_DIR; };
		DEE67FD0137A336500AE8276 /* Cocoa.framework */ = {isa = PBXFileReference; lastKnownFileType = wrapper.framework; name = Cocoa.framework; path = System/Library/Frameworks/Cocoa.framework; sourceTree = SDKROOT; };
		DEE67FD3137A336500AE8276 /* AppKit.framework */ = {isa = PBXFileReference; lastKnownFileType = wrapper.framework; name = AppKit.framework; path = System/Library/Frameworks/AppKit.framework; sourceTree = SDKROOT; };
		DEE67FD4137A336500AE8276 /* CoreData.framework */ = {isa = PBXFileReference; lastKnownFileType = wrapper.framework; name = CoreData.framework; path = System/Library/Frameworks/CoreData.framework; sourceTree = SDKROOT; };
		DEE67FD5137A336500AE8276 /* Foundation.framework */ = {isa = PBXFileReference; lastKnownFileType = wrapper.framework; name = Foundation.framework; path = System/Library/Frameworks/Foundation.framework; sourceTree = SDKROOT; };
		DEE67FD8137A336500AE8276 /* RougeDriver-Info.plist */ = {isa = PBXFileReference; lastKnownFileType = text.plist.xml; path = "RougeDriver-Info.plist"; sourceTree = "<group>"; };
		DEE67FDA137A336500AE8276 /* en */ = {isa = PBXFileReference; lastKnownFileType = text.plist.strings; name = en; path = en.lproj/InfoPlist.strings; sourceTree = "<group>"; };
		DEE67FDC137A336500AE8276 /* RougeDriver-Prefix.pch */ = {isa = PBXFileReference; lastKnownFileType = sourcecode.c.h; path = "RougeDriver-Prefix.pch"; sourceTree = "<group>"; };
		DEE67FDD137A336500AE8276 /* main.m */ = {isa = PBXFileReference; lastKnownFileType = sourcecode.c.objc; path = main.m; sourceTree = "<group>"; };
		DEE67FE0137A336500AE8276 /* en */ = {isa = PBXFileReference; lastKnownFileType = text.rtf; name = en; path = en.lproj/Credits.rtf; sourceTree = "<group>"; };
		DEE67FE2137A336500AE8276 /* RougeDriverAppDelegate.h */ = {isa = PBXFileReference; lastKnownFileType = sourcecode.c.h; path = RougeDriverAppDelegate.h; sourceTree = "<group>"; };
		DEE67FE3137A336500AE8276 /* RougeDriverAppDelegate.m */ = {isa = PBXFileReference; lastKnownFileType = sourcecode.c.objc; path = RougeDriverAppDelegate.m; sourceTree = "<group>"; };
		DEE67FE6137A336500AE8276 /* en */ = {isa = PBXFileReference; lastKnownFileType = file.xib; name = en; path = en.lproj/MainMenu.xib; sourceTree = "<group>"; };
/* End PBXFileReference section */

/* Begin PBXFrameworksBuildPhase section */
		DEE67FC9137A336500AE8276 /* Frameworks */ = {
			isa = PBXFrameworksBuildPhase;
			buildActionMask = 2147483647;
			files = (
				DEE67FD1137A336500AE8276 /* Cocoa.framework in Frameworks */,
			);
			runOnlyForDeploymentPostprocessing = 0;
		};
/* End PBXFrameworksBuildPhase section */

/* Begin PBXGroup section */
		DED8D1EA137A33F80099C98B /* Driver */ = {
			isa = PBXGroup;
			children = (
				DED8D1FB137A34A90099C98B /* TouchJSON */,
				DED8D1EC137A341B0099C98B /* RougeArray.h */,
				DED8D1ED137A341B0099C98B /* RougeArray.m */,
				DED8D1EE137A341B0099C98B /* RougeCommunicator.h */,
				DED8D1EF137A341B0099C98B /* RougeCommunicator.m */,
				DED8D1F0137A341B0099C98B /* RougeDriver.h */,
				DED8D1F1137A341B0099C98B /* RougeDriver.m */,
				DED8D1F2137A341B0099C98B /* RougeObject.h */,
				DED8D1F3137A341B0099C98B /* RougeObject.m */,
				DED8D1F4137A341B0099C98B /* RougeDataWrapper.h */,
				DED8D1F5137A341B0099C98B /* RougeDataWrapper.m */,
				DED8D216137A34EB0099C98B /* BEncoding.h */,
				DED8D217137A34EB0099C98B /* BEncoding.m */,
			);
			name = Driver;
			sourceTree = "<group>";
		};
		DED8D1FB137A34A90099C98B /* TouchJSON */ = {
			isa = PBXGroup;
			children = (
				DED8D1FC137A34A90099C98B /* CDataScanner.h */,
				DED8D1FD137A34A90099C98B /* CDataScanner.m */,
				DED8D1FE137A34A90099C98B /* Extensions */,
				DED8D207137A34A90099C98B /* JSON */,
			);
			path = TouchJSON;
			sourceTree = "<group>";
		};
		DED8D1FE137A34A90099C98B /* Extensions */ = {
			isa = PBXGroup;
			children = (
				DED8D1FF137A34A90099C98B /* CDataScanner_Extensions.h */,
				DED8D200137A34A90099C98B /* CDataScanner_Extensions.m */,
				DED8D201137A34A90099C98B /* NSCharacterSet_Extensions.h */,
				DED8D202137A34A90099C98B /* NSCharacterSet_Extensions.m */,
				DED8D203137A34A90099C98B /* NSDictionary_JSONExtensions.h */,
				DED8D204137A34A90099C98B /* NSDictionary_JSONExtensions.m */,
				DED8D205137A34A90099C98B /* NSScanner_Extensions.h */,
				DED8D206137A34A90099C98B /* NSScanner_Extensions.m */,
			);
			path = Extensions;
			sourceTree = "<group>";
		};
		DED8D207137A34A90099C98B /* JSON */ = {
			isa = PBXGroup;
			children = (
				DED8D208137A34A90099C98B /* CJSONDeserializer.h */,
				DED8D209137A34A90099C98B /* CJSONDeserializer.m */,
				DED8D20A137A34A90099C98B /* CJSONScanner.h */,
				DED8D20B137A34A90099C98B /* CJSONScanner.m */,
				DED8D20C137A34A90099C98B /* CJSONSerializer.h */,
				DED8D20D137A34A90099C98B /* CJSONSerializer.m */,
			);
			path = JSON;
			sourceTree = "<group>";
		};
		DEE67FC1137A336500AE8276 = {
			isa = PBXGroup;
			children = (
				DEE67FD6137A336500AE8276 /* RougeDriver */,
				DEE67FCF137A336500AE8276 /* Frameworks */,
				DEE67FCD137A336500AE8276 /* Products */,
			);
			sourceTree = "<group>";
		};
		DEE67FCD137A336500AE8276 /* Products */ = {
			isa = PBXGroup;
			children = (
				DEE67FCC137A336500AE8276 /* RougeDriver.app */,
			);
			name = Products;
			sourceTree = "<group>";
		};
		DEE67FCF137A336500AE8276 /* Frameworks */ = {
			isa = PBXGroup;
			children = (
				DEE67FD0137A336500AE8276 /* Cocoa.framework */,
				DEE67FD2137A336500AE8276 /* Other Frameworks */,
			);
			name = Frameworks;
			sourceTree = "<group>";
		};
		DEE67FD2137A336500AE8276 /* Other Frameworks */ = {
			isa = PBXGroup;
			children = (
				DEE67FD3137A336500AE8276 /* AppKit.framework */,
				DEE67FD4137A336500AE8276 /* CoreData.framework */,
				DEE67FD5137A336500AE8276 /* Foundation.framework */,
			);
			name = "Other Frameworks";
			sourceTree = "<group>";
		};
		DEE67FD6137A336500AE8276 /* RougeDriver */ = {
			isa = PBXGroup;
			children = (
				DED8D1EA137A33F80099C98B /* Driver */,
				DEE67FE2137A336500AE8276 /* RougeDriverAppDelegate.h */,
				DEE67FE3137A336500AE8276 /* RougeDriverAppDelegate.m */,
				DEE67FE5137A336500AE8276 /* MainMenu.xib */,
				DEE67FD7137A336500AE8276 /* Supporting Files */,
			);
			path = RougeDriver;
			sourceTree = "<group>";
		};
		DEE67FD7137A336500AE8276 /* Supporting Files */ = {
			isa = PBXGroup;
			children = (
				DEE67FD8137A336500AE8276 /* RougeDriver-Info.plist */,
				DEE67FD9137A336500AE8276 /* InfoPlist.strings */,
				DEE67FDC137A336500AE8276 /* RougeDriver-Prefix.pch */,
				DEE67FDD137A336500AE8276 /* main.m */,
				DEE67FDF137A336500AE8276 /* Credits.rtf */,
			);
			name = "Supporting Files";
			sourceTree = "<group>";
		};
/* End PBXGroup section */

/* Begin PBXNativeTarget section */
		DEE67FCB137A336500AE8276 /* RougeDriver */ = {
			isa = PBXNativeTarget;
			buildConfigurationList = DEE67FEA137A336500AE8276 /* Build configuration list for PBXNativeTarget "RougeDriver" */;
			buildPhases = (
				DEE67FC8137A336500AE8276 /* Sources */,
				DEE67FC9137A336500AE8276 /* Frameworks */,
				DEE67FCA137A336500AE8276 /* Resources */,
			);
			buildRules = (
			);
			dependencies = (
			);
			name = RougeDriver;
			productName = RougeDriver;
			productReference = DEE67FCC137A336500AE8276 /* RougeDriver.app */;
			productType = "com.apple.product-type.application";
		};
/* End PBXNativeTarget section */

/* Begin PBXProject section */
		DEE67FC3137A336500AE8276 /* Project object */ = {
			isa = PBXProject;
			attributes = {
				ORGANIZATIONNAME = ADInfo;
			};
			buildConfigurationList = DEE67FC6137A336500AE8276 /* Build configuration list for PBXProject "RougeDriver" */;
			compatibilityVersion = "Xcode 3.2";
			developmentRegion = English;
			hasScannedForEncodings = 0;
			knownRegions = (
				en,
			);
			mainGroup = DEE67FC1137A336500AE8276;
			productRefGroup = DEE67FCD137A336500AE8276 /* Products */;
			projectDirPath = "";
			projectRoot = "";
			targets = (
				DEE67FCB137A336500AE8276 /* RougeDriver */,
			);
		};
/* End PBXProject section */

/* Begin PBXResourcesBuildPhase section */
		DEE67FCA137A336500AE8276 /* Resources */ = {
			isa = PBXResourcesBuildPhase;
			buildActionMask = 2147483647;
			files = (
				DEE67FDB137A336500AE8276 /* InfoPlist.strings in Resources */,
				DEE67FE1137A336500AE8276 /* Credits.rtf in Resources */,
				DEE67FE7137A336500AE8276 /* MainMenu.xib in Resources */,
			);
			runOnlyForDeploymentPostprocessing = 0;
		};
/* End PBXResourcesBuildPhase section */

/* Begin PBXSourcesBuildPhase section */
		DEE67FC8137A336500AE8276 /* Sources */ = {
			isa = PBXSourcesBuildPhase;
			buildActionMask = 2147483647;
			files = (
				DEE67FDE137A336500AE8276 /* main.m in Sources */,
				DEE67FE4137A336500AE8276 /* RougeDriverAppDelegate.m in Sources */,
				DED8D1F6137A341B0099C98B /* RougeArray.m in Sources */,
				DED8D1F7137A341B0099C98B /* RougeCommunicator.m in Sources */,
				DED8D1F8137A341B0099C98B /* RougeDriver.m in Sources */,
				DED8D1F9137A341B0099C98B /* RougeObject.m in Sources */,
				DED8D1FA137A341B0099C98B /* RougeDataWrapper.m in Sources */,
				DED8D20E137A34A90099C98B /* CDataScanner.m in Sources */,
				DED8D20F137A34A90099C98B /* CDataScanner_Extensions.m in Sources */,
				DED8D210137A34A90099C98B /* NSCharacterSet_Extensions.m in Sources */,
				DED8D211137A34A90099C98B /* NSDictionary_JSONExtensions.m in Sources */,
				DED8D212137A34A90099C98B /* NSScanner_Extensions.m in Sources */,
				DED8D213137A34A90099C98B /* CJSONDeserializer.m in Sources */,
				DED8D214137A34A90099C98B /* CJSONScanner.m in Sources */,
				DED8D215137A34A90099C98B /* CJSONSerializer.m in Sources */,
				DED8D218137A34EB0099C98B /* BEncoding.m in Sources */,
			);
			runOnlyForDeploymentPostprocessing = 0;
		};
/* End PBXSourcesBuildPhase section */

/* Begin PBXVariantGroup section */
		DEE67FD9137A336500AE8276 /* InfoPlist.strings */ = {
			isa = PBXVariantGroup;
			children = (
				DEE67FDA137A336500AE8276 /* en */,
			);
			name = InfoPlist.strings;
			sourceTree = "<group>";
		};
		DEE67FDF137A336500AE8276 /* Credits.rtf */ = {
			isa = PBXVariantGroup;
			children = (
				DEE67FE0137A336500AE8276 /* en */,
			);
			name = Credits.rtf;
			sourceTree = "<group>";
		};
		DEE67FE5137A336500AE8276 /* MainMenu.xib */ = {
			isa = PBXVariantGroup;
			children = (
				DEE67FE6137A336500AE8276 /* en */,
			);
			name = MainMenu.xib;
			sourceTree = "<group>";
		};
/* End PBXVariantGroup section */

/* Begin XCBuildConfiguration section */
		DEE67FE8137A336500AE8276 /* Debug */ = {
			isa = XCBuildConfiguration;
			buildSettings = {
				ARCHS = "$(ARCHS_STANDARD_32_64_BIT)";
				GCC_C_LANGUAGE_STANDARD = gnu99;
				GCC_OPTIMIZATION_LEVEL = 0;
				GCC_PREPROCESSOR_DEFINITIONS = DEBUG;
				GCC_SYMBOLS_PRIVATE_EXTERN = NO;
				GCC_VERSION = com.apple.compilers.llvm.clang.1_0;
				GCC_WARN_64_TO_32_BIT_CONVERSION = YES;
				GCC_WARN_ABOUT_RETURN_TYPE = YES;
				GCC_WARN_UNUSED_VARIABLE = YES;
				MACOSX_DEPLOYMENT_TARGET = 10.6;
				ONLY_ACTIVE_ARCH = YES;
				SDKROOT = macosx;
			};
			name = Debug;
		};
		DEE67FE9137A336500AE8276 /* Release */ = {
			isa = XCBuildConfiguration;
			buildSettings = {
				ARCHS = "$(ARCHS_STANDARD_32_64_BIT)";
				GCC_C_LANGUAGE_STANDARD = gnu99;
				GCC_VERSION = com.apple.compilers.llvm.clang.1_0;
				GCC_WARN_64_TO_32_BIT_CONVERSION = YES;
				GCC_WARN_ABOUT_RETURN_TYPE = YES;
				GCC_WARN_UNUSED_VARIABLE = YES;
				MACOSX_DEPLOYMENT_TARGET = 10.6;
				SDKROOT = macosx;
			};
			name = Release;
		};
		DEE67FEB137A336500AE8276 /* Debug */ = {
			isa = XCBuildConfiguration;
			buildSettings = {
				ALWAYS_SEARCH_USER_PATHS = NO;
				COPY_PHASE_STRIP = NO;
				GCC_DYNAMIC_NO_PIC = NO;
				GCC_ENABLE_OBJC_EXCEPTIONS = YES;
				GCC_PRECOMPILE_PREFIX_HEADER = YES;
				GCC_PREFIX_HEADER = "RougeDriver/RougeDriver-Prefix.pch";
				INFOPLIST_FILE = "RougeDriver/RougeDriver-Info.plist";
				PRODUCT_NAME = "$(TARGET_NAME)";
				WRAPPER_EXTENSION = app;
			};
			name = Debug;
		};
		DEE67FEC137A336500AE8276 /* Release */ = {
			isa = XCBuildConfiguration;
			buildSettings = {
				ALWAYS_SEARCH_USER_PATHS = NO;
				COPY_PHASE_STRIP = YES;
				DEBUG_INFORMATION_FORMAT = "dwarf-with-dsym";
				GCC_ENABLE_OBJC_EXCEPTIONS = YES;
				GCC_PRECOMPILE_PREFIX_HEADER = YES;
				GCC_PREFIX_HEADER = "RougeDriver/RougeDriver-Prefix.pch";
				INFOPLIST_FILE = "RougeDriver/RougeDriver-Info.plist";
				PRODUCT_NAME = "$(TARGET_NAME)";
				WRAPPER_EXTENSION = app;
			};
			name = Release;
		};
/* End XCBuildConfiguration section */

/* Begin XCConfigurationList section */
		DEE67FC6137A336500AE8276 /* Build configuration list for PBXProject "RougeDriver" */ = {
			isa = XCConfigurationList;
			buildConfigurations = (
				DEE67FE8137A336500AE8276 /* Debug */,
				DEE67FE9137A336500AE8276 /* Release */,
			);
			defaultConfigurationIsVisible = 0;
			defaultConfigurationName = Release;
		};
		DEE67FEA137A336500AE8276 /* Build configuration list for PBXNativeTarget "RougeDriver" */ = {
			isa = XCConfigurationList;
			buildConfigurations = (
				DEE67FEB137A336500AE8276 /* Debug */,
				DEE67FEC137A336500AE8276 /* Release */,
			);
			defaultConfigurationIsVisible = 0;
			defaultConfigurationName = Release;
		};
/* End XCConfigurationList section */
	};
	rootObject = DEE67FC3137A336500AE8276 /* Project object */;
}
